
Microsoft Visual Studio Solution File, Format Version 12.00
# Visual Studio 15
Project("{FAE04EC0-301F-11D3-BF4B-00C04F79EFBC}") = "UnityEngine.TestRunner", "UnityEngine.TestRunner.csproj", "{6D96605A-9A33-1068-3DF5-6A6FD5610AB6}"
EndProject
Project("{FAE04EC0-301F-11D3-BF4B-00C04F79EFBC}") = "Unity.Mathematics", "Unity.Mathematics.csproj", "{86036FDA-83D6-4148-5407-D15510113358}"
EndProject
Project("{FAE04EC0-301F-11D3-BF4B-00C04F79EFBC}") = "Unity.2D.Animation.Triangle.Runtime", "Unity.2D.Animation.Triangle.Runtime.csproj", "{113D5460-1765-7E2A-97C4-1405D75A4248}"
EndProject
Project("{FAE04EC0-301F-11D3-BF4B-00C04F79EFBC}") = "Unity.Timeline", "Unity.Timeline.csproj", "{8F9CF97B-BEB6-B454-A7A9-56DD0DC44075}"
EndProject
Project("{FAE04EC0-301F-11D3-BF4B-00C04F79EFBC}") = "UnityEngine.UI", "UnityEngine.UI.csproj", "{08969AD4-8FB6-16FC-2257-AD2152D4D7A9}"
EndProject
Project("{FAE04EC0-301F-11D3-BF4B-00C04F79EFBC}") = "Unity.TextMeshPro", "Unity.TextMeshPro.csproj", "{EC9523DF-8BA1-8232-BD72-EDE677977038}"
EndProject
Project("{FAE04EC0-301F-11D3-BF4B-00C04F79EFBC}") = "Unity.2D.Animation.Runtime", "Unity.2D.Animation.Runtime.csproj", "{7CE91D6A-7670-6931-5DA8-254C90ACF6BA}"
EndProject
Project("{FAE04EC0-301F-11D3-BF4B-00C04F79EFBC}") = "Unity.2D.IK.Runtime", "Unity.2D.IK.Runtime.csproj", "{411E45FE-3EBF-EFB3-6F1A-65FF661B804C}"
EndProject
Project("{FAE04EC0-301F-11D3-BF4B-00C04F79EFBC}") = "Unity.2D.SpriteShape.Runtime", "Unity.2D.SpriteShape.Runtime.csproj", "{92B39B4F-DFAD-1382-871C-5A6DE569BA5C}"
EndProject
Project("{FAE04EC0-301F-11D3-BF4B-00C04F79EFBC}") = "Unity.2D.PixelPerfect", "Unity.2D.PixelPerfect.csproj", "{672DCB75-5722-7AAE-AC81-0EB9688C207B}"
EndProject
Project("{FAE04EC0-301F-11D3-BF4B-00C04F79EFBC}") = "Unity.2D.Common.Runtime", "Unity.2D.Common.Runtime.csproj", "{FC20A663-3B76-DA85-3939-0646CD466AC2}"
EndProject
Project("{FAE04EC0-301F-11D3-BF4B-00C04F79EFBC}") = "Unity.InternalAPIEngineBridge.001", "Unity.InternalAPIEngineBridge.001.csproj", "{08A37439-4C1F-7607-A631-B2ED3944D145}"
EndProject
Project("{FAE04EC0-301F-11D3-BF4B-00C04F79EFBC}") = "Assembly-CSharp", "Assembly-CSharp.csproj", "{10FC0524-78F2-217C-F3FC-7D1A4984E3D9}"
EndProject
Project("{FAE04EC0-301F-11D3-BF4B-00C04F79EFBC}") = "UnityEditor.TestRunner", "UnityEditor.TestRunner.csproj", "{ECDB38D9-07F5-310B-02BD-85F1A74E4A67}"
EndProject
Project("{FAE04EC0-301F-11D3-BF4B-00C04F79EFBC}") = "Unity.PlasticSCM.Editor", "Unity.PlasticSCM.Editor.csproj", "{F7680F31-900B-D4D4-FD94-C6A7B9F835E7}"
EndProject
Project("{FAE04EC0-301F-11D3-BF4B-00C04F79EFBC}") = "UnityEditor.UI", "UnityEditor.UI.csproj", "{DCFD1A3A-1D77-14D4-EA4B-3952936968D6}"
EndProject
Project("{FAE04EC0-301F-11D3-BF4B-00C04F79EFBC}") = "Unity.Services.Core.Editor", "Unity.Services.Core.Editor.csproj", "{EDE8CEEC-E694-DD64-E602-6988F894D891}"
EndProject
Project("{FAE04EC0-301F-11D3-BF4B-00C04F79EFBC}") = "Unity.Timeline.Editor", "Unity.Timeline.Editor.csproj", "{4D06EE3D-5B97-C786-0208-304EAA627A1C}"
EndProject
Project("{FAE04EC0-301F-11D3-BF4B-00C04F79EFBC}") = "Unity.VisualStudio.Editor", "Unity.VisualStudio.Editor.csproj", "{E6B3E363-DD56-1A5F-B1FC-72C61ABAAD47}"
EndProject
Project("{FAE04EC0-301F-11D3-BF4B-00C04F79EFBC}") = "Unity.2D.Psdimporter.Editor", "Unity.2D.Psdimporter.Editor.csproj", "{01ACDED4-EAE0-4605-2D66-2E91032F1F3C}"
EndProject
Project("{FAE04EC0-301F-11D3-BF4B-00C04F79EFBC}") = "Unity.2D.Animation.Editor", "Unity.2D.Animation.Editor.csproj", "{0C74FF2C-0E62-2BAC-3560-4739144B17AF}"
EndProject
Project("{FAE04EC0-301F-11D3-BF4B-00C04F79EFBC}") = "Unity.TextMeshPro.Editor", "Unity.TextMeshPro.Editor.csproj", "{56FCC120-FB73-F1AA-2CE0-57909B7B064A}"
EndProject
Project("{FAE04EC0-301F-11D3-BF4B-00C04F79EFBC}") = "Unity.2D.SpriteShape.Editor", "Unity.2D.SpriteShape.Editor.csproj", "{87419193-2486-0FB5-D4D7-542051DAD5CC}"
EndProject
Project("{FAE04EC0-301F-11D3-BF4B-00C04F79EFBC}") = "Unity.CollabProxy.Editor", "Unity.CollabProxy.Editor.csproj", "{ACA33BDA-806F-7022-57AD-3A28C43575CE}"
EndProject
Project("{FAE04EC0-301F-11D3-BF4B-00C04F79EFBC}") = "PsdPlugin", "PsdPlugin.csproj", "{CC5AD9A6-74E7-68A3-63F7-E50949559ABD}"
EndProject
Project("{FAE04EC0-301F-11D3-BF4B-00C04F79EFBC}") = "Unity.2D.Path.Editor", "Unity.2D.Path.Editor.csproj", "{0EF49DCD-8ADD-2935-EDD7-0ACC100C4F31}"
EndProject
Project("{FAE04EC0-301F-11D3-BF4B-00C04F79EFBC}") = "Unity.Rider.Editor", "Unity.Rider.Editor.csproj", "{B59BECC8-34F8-2057-1AA3-E504E8B1A07A}"
EndProject
Project("{FAE04EC0-301F-11D3-BF4B-00C04F79EFBC}") = "Unity.2D.IK.Editor", "Unity.2D.IK.Editor.csproj", "{104C92F8-B180-1A8A-181A-6950EAD39E4C}"
EndProject
Project("{FAE04EC0-301F-11D3-BF4B-00C04F79EFBC}") = "Unity.2D.Sprite.Editor", "Unity.2D.Sprite.Editor.csproj", "{A20591F8-966F-8F33-673F-E4BCFA4DC3E3}"
EndProject
Project("{FAE04EC0-301F-11D3-BF4B-00C04F79EFBC}") = "Unity.2D.Tilemap.Editor", "Unity.2D.Tilemap.Editor.csproj", "{13BFA331-EFBC-6B3E-CD93-51A5FF75C855}"
EndProject
Project("{FAE04EC0-301F-11D3-BF4B-00C04F79EFBC}") = "Unity.2D.PixelPerfect.Editor", "Unity.2D.PixelPerfect.Editor.csproj", "{C71DF2C1-B246-4071-D1E0-4182D3D93F3F}"
EndProject
Project("{FAE04EC0-301F-11D3-BF4B-00C04F79EFBC}") = "Unity.VSCode.Editor", "Unity.VSCode.Editor.csproj", "{15515DC6-0491-73FA-D7AE-812AAAE4A017}"
EndProject
Project("{FAE04EC0-301F-11D3-BF4B-00C04F79EFBC}") = "Unity.2D.Common.Editor", "Unity.2D.Common.Editor.csproj", "{5A074FF8-00A1-2713-DF74-D565CB00B3BA}"
EndProject
Project("{FAE04EC0-301F-11D3-BF4B-00C04F79EFBC}") = "Unity.Mathematics.Editor", "Unity.Mathematics.Editor.csproj", "{2122D131-8FF5-8CC7-3B8F-F2F04E5DF6DC}"
EndProject
Project("{FAE04EC0-301F-11D3-BF4B-00C04F79EFBC}") = "Unity.InternalAPIEditorBridge.001", "Unity.InternalAPIEditorBridge.001.csproj", "{37F66300-DDA7-1782-A94E-8CA54CC3B2E1}"
EndProject
Project("{FAE04EC0-301F-11D3-BF4B-00C04F79EFBC}") = "UnityEngine.TestRunner", "UnityEngine.TestRunner.Player.csproj", "{FE7B1889-B43E-38A0-EB9C-B7006E576CE6}"
EndProject
Project("{FAE04EC0-301F-11D3-BF4B-00C04F79EFBC}") = "Unity.Mathematics", "Unity.Mathematics.Player.csproj", "{4789549E-01B7-6AEE-550F-ECBBB7582E99}"
EndProject
Project("{FAE04EC0-301F-11D3-BF4B-00C04F79EFBC}") = "Unity.2D.Animation.Triangle.Runtime", "Unity.2D.Animation.Triangle.Runtime.Player.csproj", "{4C0D046B-76FB-CA4A-28CD-487F05DA7F9D}"
EndProject
Project("{FAE04EC0-301F-11D3-BF4B-00C04F79EFBC}") = "Unity.Timeline", "Unity.Timeline.Player.csproj", "{CFA789F1-E181-DFD5-B99C-7CA068AB4EA8}"
EndProject
Project("{FAE04EC0-301F-11D3-BF4B-00C04F79EFBC}") = "UnityEngine.UI", "UnityEngine.UI.Player.csproj", "{CD89795B-DC52-480D-4D9F-7C0D69D514C0}"
EndProject
Project("{FAE04EC0-301F-11D3-BF4B-00C04F79EFBC}") = "Unity.TextMeshPro", "Unity.TextMeshPro.Player.csproj", "{94919970-96C3-12DD-D2BD-083E66D3DC59}"
EndProject
Project("{FAE04EC0-301F-11D3-BF4B-00C04F79EFBC}") = "Unity.2D.Animation.Runtime", "Unity.2D.Animation.Runtime.Player.csproj", "{084FEC3B-CB61-4E69-C75F-F0D8C8A7FD3B}"
EndProject
Project("{FAE04EC0-301F-11D3-BF4B-00C04F79EFBC}") = "Unity.2D.IK.Runtime", "Unity.2D.IK.Runtime.Player.csproj", "{BC5719C0-7DA9-F0DC-FC54-E4390D976ED4}"
EndProject
Project("{FAE04EC0-301F-11D3-BF4B-00C04F79EFBC}") = "Unity.2D.SpriteShape.Runtime", "Unity.2D.SpriteShape.Runtime.Player.csproj", "{B96923D2-6F92-254E-38FD-1A3C4604D7FE}"
EndProject
Project("{FAE04EC0-301F-11D3-BF4B-00C04F79EFBC}") = "Unity.2D.PixelPerfect", "Unity.2D.PixelPerfect.Player.csproj", "{14DFBF24-CC07-B727-8714-A361C375C395}"
EndProject
Project("{FAE04EC0-301F-11D3-BF4B-00C04F79EFBC}") = "Unity.2D.Common.Runtime", "Unity.2D.Common.Runtime.Player.csproj", "{57D61632-61E0-0B9D-7C9B-62CF94467CD4}"
EndProject
Project("{FAE04EC0-301F-11D3-BF4B-00C04F79EFBC}") = "Unity.InternalAPIEngineBridge.001", "Unity.InternalAPIEngineBridge.001.Player.csproj", "{BF8C4BCF-0AB0-0E33-9DA6-2EA526864002}"
EndProject
Project("{FAE04EC0-301F-11D3-BF4B-00C04F79EFBC}") = "Assembly-CSharp", "Assembly-CSharp.Player.csproj", "{9B6ACE68-A4EE-2A8E-5EAC-6C39C09139EB}"
EndProject
Global
	GlobalSection(SolutionConfigurationPlatforms) = preSolution
		Debug|Any CPU = Debug|Any CPU
		Release|Any CPU = Release|Any CPU
	EndGlobalSection
	GlobalSection(ProjectConfigurationPlatforms) = postSolution
		{6D96605A-9A33-1068-3DF5-6A6FD5610AB6}.Debug|Any CPU.ActiveCfg = Debug|Any CPU
		{6D96605A-9A33-1068-3DF5-6A6FD5610AB6}.Debug|Any CPU.Build.0 = Debug|Any CPU
		{6D96605A-9A33-1068-3DF5-6A6FD5610AB6}.Release|Any CPU.ActiveCfg = Release|Any CPU
		{6D96605A-9A33-1068-3DF5-6A6FD5610AB6}.Release|Any CPU.Build.0 = Release|Any CPU
		{86036FDA-83D6-4148-5407-D15510113358}.Debug|Any CPU.ActiveCfg = Debug|Any CPU
		{86036FDA-83D6-4148-5407-D15510113358}.Debug|Any CPU.Build.0 = Debug|Any CPU
		{86036FDA-83D6-4148-5407-D15510113358}.Release|Any CPU.ActiveCfg = Release|Any CPU
		{86036FDA-83D6-4148-5407-D15510113358}.Release|Any CPU.Build.0 = Release|Any CPU
		{113D5460-1765-7E2A-97C4-1405D75A4248}.Debug|Any CPU.ActiveCfg = Debug|Any CPU
		{113D5460-1765-7E2A-97C4-1405D75A4248}.Debug|Any CPU.Build.0 = Debug|Any CPU
		{113D5460-1765-7E2A-97C4-1405D75A4248}.Release|Any CPU.ActiveCfg = Release|Any CPU
		{113D5460-1765-7E2A-97C4-1405D75A4248}.Release|Any CPU.Build.0 = Release|Any CPU
		{8F9CF97B-BEB6-B454-A7A9-56DD0DC44075}.Debug|Any CPU.ActiveCfg = Debug|Any CPU
		{8F9CF97B-BEB6-B454-A7A9-56DD0DC44075}.Debug|Any CPU.Build.0 = Debug|Any CPU
		{8F9CF97B-BEB6-B454-A7A9-56DD0DC44075}.Release|Any CPU.ActiveCfg = Release|Any CPU
		{8F9CF97B-BEB6-B454-A7A9-56DD0DC44075}.Release|Any CPU.Build.0 = Release|Any CPU
		{08969AD4-8FB6-16FC-2257-AD2152D4D7A9}.Debug|Any CPU.ActiveCfg = Debug|Any CPU
		{08969AD4-8FB6-16FC-2257-AD2152D4D7A9}.Debug|Any CPU.Build.0 = Debug|Any CPU
		{08969AD4-8FB6-16FC-2257-AD2152D4D7A9}.Release|Any CPU.ActiveCfg = Release|Any CPU
		{08969AD4-8FB6-16FC-2257-AD2152D4D7A9}.Release|Any CPU.Build.0 = Release|Any CPU
		{EC9523DF-8BA1-8232-BD72-EDE677977038}.Debug|Any CPU.ActiveCfg = Debug|Any CPU
		{EC9523DF-8BA1-8232-BD72-EDE677977038}.Debug|Any CPU.Build.0 = Debug|Any CPU
		{EC9523DF-8BA1-8232-BD72-EDE677977038}.Release|Any CPU.ActiveCfg = Release|Any CPU
		{EC9523DF-8BA1-8232-BD72-EDE677977038}.Release|Any CPU.Build.0 = Release|Any CPU
		{7CE91D6A-7670-6931-5DA8-254C90ACF6BA}.Debug|Any CPU.ActiveCfg = Debug|Any CPU
		{7CE91D6A-7670-6931-5DA8-254C90ACF6BA}.Debug|Any CPU.Build.0 = Debug|Any CPU
		{7CE91D6A-7670-6931-5DA8-254C90ACF6BA}.Release|Any CPU.ActiveCfg = Release|Any CPU
		{7CE91D6A-7670-6931-5DA8-254C90ACF6BA}.Release|Any CPU.Build.0 = Release|Any CPU
		{411E45FE-3EBF-EFB3-6F1A-65FF661B804C}.Debug|Any CPU.ActiveCfg = Debug|Any CPU
		{411E45FE-3EBF-EFB3-6F1A-65FF661B804C}.Debug|Any CPU.Build.0 = Debug|Any CPU
		{411E45FE-3EBF-EFB3-6F1A-65FF661B804C}.Release|Any CPU.ActiveCfg = Release|Any CPU
		{411E45FE-3EBF-EFB3-6F1A-65FF661B804C}.Release|Any CPU.Build.0 = Release|Any CPU
		{92B39B4F-DFAD-1382-871C-5A6DE569BA5C}.Debug|Any CPU.ActiveCfg = Debug|Any CPU
		{92B39B4F-DFAD-1382-871C-5A6DE569BA5C}.Debug|Any CPU.Build.0 = Debug|Any CPU
		{92B39B4F-DFAD-1382-871C-5A6DE569BA5C}.Release|Any CPU.ActiveCfg = Release|Any CPU
		{92B39B4F-DFAD-1382-871C-5A6DE569BA5C}.Release|Any CPU.Build.0 = Release|Any CPU
		{672DCB75-5722-7AAE-AC81-0EB9688C207B}.Debug|Any CPU.ActiveCfg = Debug|Any CPU
		{672DCB75-5722-7AAE-AC81-0EB9688C207B}.Debug|Any CPU.Build.0 = Debug|Any CPU
		{672DCB75-5722-7AAE-AC81-0EB9688C207B}.Release|Any CPU.ActiveCfg = Release|Any CPU
		{672DCB75-5722-7AAE-AC81-0EB9688C207B}.Release|Any CPU.Build.0 = Release|Any CPU
		{FC20A663-3B76-DA85-3939-0646CD466AC2}.Debug|Any CPU.ActiveCfg = Debug|Any CPU
		{FC20A663-3B76-DA85-3939-0646CD466AC2}.Debug|Any CPU.Build.0 = Debug|Any CPU
		{FC20A663-3B76-DA85-3939-0646CD466AC2}.Release|Any CPU.ActiveCfg = Release|Any CPU
		{FC20A663-3B76-DA85-3939-0646CD466AC2}.Release|Any CPU.Build.0 = Release|Any CPU
		{08A37439-4C1F-7607-A631-B2ED3944D145}.Debug|Any CPU.ActiveCfg = Debug|Any CPU
		{08A37439-4C1F-7607-A631-B2ED3944D145}.Debug|Any CPU.Build.0 = Debug|Any CPU
		{08A37439-4C1F-7607-A631-B2ED3944D145}.Release|Any CPU.ActiveCfg = Release|Any CPU
		{08A37439-4C1F-7607-A631-B2ED3944D145}.Release|Any CPU.Build.0 = Release|Any CPU
		{10FC0524-78F2-217C-F3FC-7D1A4984E3D9}.Debug|Any CPU.ActiveCfg = Debug|Any CPU
		{10FC0524-78F2-217C-F3FC-7D1A4984E3D9}.Debug|Any CPU.Build.0 = Debug|Any CPU
		{10FC0524-78F2-217C-F3FC-7D1A4984E3D9}.Release|Any CPU.ActiveCfg = Release|Any CPU
		{10FC0524-78F2-217C-F3FC-7D1A4984E3D9}.Release|Any CPU.Build.0 = Release|Any CPU
		{ECDB38D9-07F5-310B-02BD-85F1A74E4A67}.Debug|Any CPU.ActiveCfg = Debug|Any CPU
		{ECDB38D9-07F5-310B-02BD-85F1A74E4A67}.Debug|Any CPU.Build.0 = Debug|Any CPU
		{ECDB38D9-07F5-310B-02BD-85F1A74E4A67}.Release|Any CPU.ActiveCfg = Release|Any CPU
		{ECDB38D9-07F5-310B-02BD-85F1A74E4A67}.Release|Any CPU.Build.0 = Release|Any CPU
		{F7680F31-900B-D4D4-FD94-C6A7B9F835E7}.Debug|Any CPU.ActiveCfg = Debug|Any CPU
		{F7680F31-900B-D4D4-FD94-C6A7B9F835E7}.Debug|Any CPU.Build.0 = Debug|Any CPU
		{F7680F31-900B-D4D4-FD94-C6A7B9F835E7}.Release|Any CPU.ActiveCfg = Release|Any CPU
		{F7680F31-900B-D4D4-FD94-C6A7B9F835E7}.Release|Any CPU.Build.0 = Release|Any CPU
		{DCFD1A3A-1D77-14D4-EA4B-3952936968D6}.Debug|Any CPU.ActiveCfg = Debug|Any CPU
		{DCFD1A3A-1D77-14D4-EA4B-3952936968D6}.Debug|Any CPU.Build.0 = Debug|Any CPU
		{DCFD1A3A-1D77-14D4-EA4B-3952936968D6}.Release|Any CPU.ActiveCfg = Release|Any CPU
		{DCFD1A3A-1D77-14D4-EA4B-3952936968D6}.Release|Any CPU.Build.0 = Release|Any CPU
		{EDE8CEEC-E694-DD64-E602-6988F894D891}.Debug|Any CPU.ActiveCfg = Debug|Any CPU
		{EDE8CEEC-E694-DD64-E602-6988F894D891}.Debug|Any CPU.Build.0 = Debug|Any CPU
		{EDE8CEEC-E694-DD64-E602-6988F894D891}.Release|Any CPU.ActiveCfg = Release|Any CPU
		{EDE8CEEC-E694-DD64-E602-6988F894D891}.Release|Any CPU.Build.0 = Release|Any CPU
		{4D06EE3D-5B97-C786-0208-304EAA627A1C}.Debug|Any CPU.ActiveCfg = Debug|Any CPU
		{4D06EE3D-5B97-C786-0208-304EAA627A1C}.Debug|Any CPU.Build.0 = Debug|Any CPU
		{4D06EE3D-5B97-C786-0208-304EAA627A1C}.Release|Any CPU.ActiveCfg = Release|Any CPU
		{4D06EE3D-5B97-C786-0208-304EAA627A1C}.Release|Any CPU.Build.0 = Release|Any CPU
		{E6B3E363-DD56-1A5F-B1FC-72C61ABAAD47}.Debug|Any CPU.ActiveCfg = Debug|Any CPU
		{E6B3E363-DD56-1A5F-B1FC-72C61ABAAD47}.Debug|Any CPU.Build.0 = Debug|Any CPU
		{E6B3E363-DD56-1A5F-B1FC-72C61ABAAD47}.Release|Any CPU.ActiveCfg = Release|Any CPU
		{E6B3E363-DD56-1A5F-B1FC-72C61ABAAD47}.Release|Any CPU.Build.0 = Release|Any CPU
		{01ACDED4-EAE0-4605-2D66-2E91032F1F3C}.Debug|Any CPU.ActiveCfg = Debug|Any CPU
		{01ACDED4-EAE0-4605-2D66-2E91032F1F3C}.Debug|Any CPU.Build.0 = Debug|Any CPU
		{01ACDED4-EAE0-4605-2D66-2E91032F1F3C}.Release|Any CPU.ActiveCfg = Release|Any CPU
		{01ACDED4-EAE0-4605-2D66-2E91032F1F3C}.Release|Any CPU.Build.0 = Release|Any CPU
		{0C74FF2C-0E62-2BAC-3560-4739144B17AF}.Debug|Any CPU.ActiveCfg = Debug|Any CPU
		{0C74FF2C-0E62-2BAC-3560-4739144B17AF}.Debug|Any CPU.Build.0 = Debug|Any CPU
		{0C74FF2C-0E62-2BAC-3560-4739144B17AF}.Release|Any CPU.ActiveCfg = Release|Any CPU
		{0C74FF2C-0E62-2BAC-3560-4739144B17AF}.Release|Any CPU.Build.0 = Release|Any CPU
		{56FCC120-FB73-F1AA-2CE0-57909B7B064A}.Debug|Any CPU.ActiveCfg = Debug|Any CPU
		{56FCC120-FB73-F1AA-2CE0-57909B7B064A}.Debug|Any CPU.Build.0 = Debug|Any CPU
		{56FCC120-FB73-F1AA-2CE0-57909B7B064A}.Release|Any CPU.ActiveCfg = Release|Any CPU
		{56FCC120-FB73-F1AA-2CE0-57909B7B064A}.Release|Any CPU.Build.0 = Release|Any CPU
		{87419193-2486-0FB5-D4D7-542051DAD5CC}.Debug|Any CPU.ActiveCfg = Debug|Any CPU
		{87419193-2486-0FB5-D4D7-542051DAD5CC}.Debug|Any CPU.Build.0 = Debug|Any CPU
		{87419193-2486-0FB5-D4D7-542051DAD5CC}.Release|Any CPU.ActiveCfg = Release|Any CPU
		{87419193-2486-0FB5-D4D7-542051DAD5CC}.Release|Any CPU.Build.0 = Release|Any CPU
		{ACA33BDA-806F-7022-57AD-3A28C43575CE}.Debug|Any CPU.ActiveCfg = Debug|Any CPU
		{ACA33BDA-806F-7022-57AD-3A28C43575CE}.Debug|Any CPU.Build.0 = Debug|Any CPU
		{ACA33BDA-806F-7022-57AD-3A28C43575CE}.Release|Any CPU.ActiveCfg = Release|Any CPU
		{ACA33BDA-806F-7022-57AD-3A28C43575CE}.Release|Any CPU.Build.0 = Release|Any CPU
		{CC5AD9A6-74E7-68A3-63F7-E50949559ABD}.Debug|Any CPU.ActiveCfg = Debug|Any CPU
		{CC5AD9A6-74E7-68A3-63F7-E50949559ABD}.Debug|Any CPU.Build.0 = Debug|Any CPU
		{CC5AD9A6-74E7-68A3-63F7-E50949559ABD}.Release|Any CPU.ActiveCfg = Release|Any CPU
		{CC5AD9A6-74E7-68A3-63F7-E50949559ABD}.Release|Any CPU.Build.0 = Release|Any CPU
		{0EF49DCD-8ADD-2935-EDD7-0ACC100C4F31}.Debug|Any CPU.ActiveCfg = Debug|Any CPU
		{0EF49DCD-8ADD-2935-EDD7-0ACC100C4F31}.Debug|Any CPU.Build.0 = Debug|Any CPU
		{0EF49DCD-8ADD-2935-EDD7-0ACC100C4F31}.Release|Any CPU.ActiveCfg = Release|Any CPU
		{0EF49DCD-8ADD-2935-EDD7-0ACC100C4F31}.Release|Any CPU.Build.0 = Release|Any CPU
		{B59BECC8-34F8-2057-1AA3-E504E8B1A07A}.Debug|Any CPU.ActiveCfg = Debug|Any CPU
		{B59BECC8-34F8-2057-1AA3-E504E8B1A07A}.Debug|Any CPU.Build.0 = Debug|Any CPU
		{B59BECC8-34F8-2057-1AA3-E504E8B1A07A}.Release|Any CPU.ActiveCfg = Release|Any CPU
		{B59BECC8-34F8-2057-1AA3-E504E8B1A07A}.Release|Any CPU.Build.0 = Release|Any CPU
		{104C92F8-B180-1A8A-181A-6950EAD39E4C}.Debug|Any CPU.ActiveCfg = Debug|Any CPU
		{104C92F8-B180-1A8A-181A-6950EAD39E4C}.Debug|Any CPU.Build.0 = Debug|Any CPU
		{104C92F8-B180-1A8A-181A-6950EAD39E4C}.Release|Any CPU.ActiveCfg = Release|Any CPU
		{104C92F8-B180-1A8A-181A-6950EAD39E4C}.Release|Any CPU.Build.0 = Release|Any CPU
		{A20591F8-966F-8F33-673F-E4BCFA4DC3E3}.Debug|Any CPU.ActiveCfg = Debug|Any CPU
		{A20591F8-966F-8F33-673F-E4BCFA4DC3E3}.Debug|Any CPU.Build.0 = Debug|Any CPU
		{A20591F8-966F-8F33-673F-E4BCFA4DC3E3}.Release|Any CPU.ActiveCfg = Release|Any CPU
		{A20591F8-966F-8F33-673F-E4BCFA4DC3E3}.Release|Any CPU.Build.0 = Release|Any CPU
		{13BFA331-EFBC-6B3E-CD93-51A5FF75C855}.Debug|Any CPU.ActiveCfg = Debug|Any CPU
		{13BFA331-EFBC-6B3E-CD93-51A5FF75C855}.Debug|Any CPU.Build.0 = Debug|Any CPU
		{13BFA331-EFBC-6B3E-CD93-51A5FF75C855}.Release|Any CPU.ActiveCfg = Release|Any CPU
		{13BFA331-EFBC-6B3E-CD93-51A5FF75C855}.Release|Any CPU.Build.0 = Release|Any CPU
		{C71DF2C1-B246-4071-D1E0-4182D3D93F3F}.Debug|Any CPU.ActiveCfg = Debug|Any CPU
		{C71DF2C1-B246-4071-D1E0-4182D3D93F3F}.Debug|Any CPU.Build.0 = Debug|Any CPU
		{C71DF2C1-B246-4071-D1E0-4182D3D93F3F}.Release|Any CPU.ActiveCfg = Release|Any CPU
		{C71DF2C1-B246-4071-D1E0-4182D3D93F3F}.Release|Any CPU.Build.0 = Release|Any CPU
		{15515DC6-0491-73FA-D7AE-812AAAE4A017}.Debug|Any CPU.ActiveCfg = Debug|Any CPU
		{15515DC6-0491-73FA-D7AE-812AAAE4A017}.Debug|Any CPU.Build.0 = Debug|Any CPU
		{15515DC6-0491-73FA-D7AE-812AAAE4A017}.Release|Any CPU.ActiveCfg = Release|Any CPU
		{15515DC6-0491-73FA-D7AE-812AAAE4A017}.Release|Any CPU.Build.0 = Release|Any CPU
		{5A074FF8-00A1-2713-DF74-D565CB00B3BA}.Debug|Any CPU.ActiveCfg = Debug|Any CPU
		{5A074FF8-00A1-2713-DF74-D565CB00B3BA}.Debug|Any CPU.Build.0 = Debug|Any CPU
		{5A074FF8-00A1-2713-DF74-D565CB00B3BA}.Release|Any CPU.ActiveCfg = Release|Any CPU
		{5A074FF8-00A1-2713-DF74-D565CB00B3BA}.Release|Any CPU.Build.0 = Release|Any CPU
		{2122D131-8FF5-8CC7-3B8F-F2F04E5DF6DC}.Debug|Any CPU.ActiveCfg = Debug|Any CPU
		{2122D131-8FF5-8CC7-3B8F-F2F04E5DF6DC}.Debug|Any CPU.Build.0 = Debug|Any CPU
		{2122D131-8FF5-8CC7-3B8F-F2F04E5DF6DC}.Release|Any CPU.ActiveCfg = Release|Any CPU
		{2122D131-8FF5-8CC7-3B8F-F2F04E5DF6DC}.Release|Any CPU.Build.0 = Release|Any CPU
		{37F66300-DDA7-1782-A94E-8CA54CC3B2E1}.Debug|Any CPU.ActiveCfg = Debug|Any CPU
		{37F66300-DDA7-1782-A94E-8CA54CC3B2E1}.Debug|Any CPU.Build.0 = Debug|Any CPU
		{37F66300-DDA7-1782-A94E-8CA54CC3B2E1}.Release|Any CPU.ActiveCfg = Release|Any CPU
		{37F66300-DDA7-1782-A94E-8CA54CC3B2E1}.Release|Any CPU.Build.0 = Release|Any CPU
		{FE7B1889-B43E-38A0-EB9C-B7006E576CE6}.Debug|Any CPU.ActiveCfg = Debug|Any CPU
		{FE7B1889-B43E-38A0-EB9C-B7006E576CE6}.Debug|Any CPU.Build.0 = Debug|Any CPU
		{FE7B1889-B43E-38A0-EB9C-B7006E576CE6}.Release|Any CPU.ActiveCfg = Release|Any CPU
		{FE7B1889-B43E-38A0-EB9C-B7006E576CE6}.Release|Any CPU.Build.0 = Release|Any CPU
		{4789549E-01B7-6AEE-550F-ECBBB7582E99}.Debug|Any CPU.ActiveCfg = Debug|Any CPU
		{4789549E-01B7-6AEE-550F-ECBBB7582E99}.Debug|Any CPU.Build.0 = Debug|Any CPU
		{4789549E-01B7-6AEE-550F-ECBBB7582E99}.Release|Any CPU.ActiveCfg = Release|Any CPU
		{4789549E-01B7-6AEE-550F-ECBBB7582E99}.Release|Any CPU.Build.0 = Release|Any CPU
		{4C0D046B-76FB-CA4A-28CD-487F05DA7F9D}.Debug|Any CPU.ActiveCfg = Debug|Any CPU
		{4C0D046B-76FB-CA4A-28CD-487F05DA7F9D}.Debug|Any CPU.Build.0 = Debug|Any CPU
		{4C0D046B-76FB-CA4A-28CD-487F05DA7F9D}.Release|Any CPU.ActiveCfg = Release|Any CPU
		{4C0D046B-76FB-CA4A-28CD-487F05DA7F9D}.Release|Any CPU.Build.0 = Release|Any CPU
		{CFA789F1-E181-DFD5-B99C-7CA068AB4EA8}.Debug|Any CPU.ActiveCfg = Debug|Any CPU
		{CFA789F1-E181-DFD5-B99C-7CA068AB4EA8}.Debug|Any CPU.Build.0 = Debug|Any CPU
		{CFA789F1-E181-DFD5-B99C-7CA068AB4EA8}.Release|Any CPU.ActiveCfg = Release|Any CPU
		{CFA789F1-E181-DFD5-B99C-7CA068AB4EA8}.Release|Any CPU.Build.0 = Release|Any CPU
		{CD89795B-DC52-480D-4D9F-7C0D69D514C0}.Debug|Any CPU.ActiveCfg = Debug|Any CPU
		{CD89795B-DC52-480D-4D9F-7C0D69D514C0}.Debug|Any CPU.Build.0 = Debug|Any CPU
		{CD89795B-DC52-480D-4D9F-7C0D69D514C0}.Release|Any CPU.ActiveCfg = Release|Any CPU
		{CD89795B-DC52-480D-4D9F-7C0D69D514C0}.Release|Any CPU.Build.0 = Release|Any CPU
		{94919970-96C3-12DD-D2BD-083E66D3DC59}.Debug|Any CPU.ActiveCfg = Debug|Any CPU
		{94919970-96C3-12DD-D2BD-083E66D3DC59}.Debug|Any CPU.Build.0 = Debug|Any CPU
		{94919970-96C3-12DD-D2BD-083E66D3DC59}.Release|Any CPU.ActiveCfg = Release|Any CPU
		{94919970-96C3-12DD-D2BD-083E66D3DC59}.Release|Any CPU.Build.0 = Release|Any CPU
		{084FEC3B-CB61-4E69-C75F-F0D8C8A7FD3B}.Debug|Any CPU.ActiveCfg = Debug|Any CPU
		{084FEC3B-CB61-4E69-C75F-F0D8C8A7FD3B}.Debug|Any CPU.Build.0 = Debug|Any CPU
		{084FEC3B-CB61-4E69-C75F-F0D8C8A7FD3B}.Release|Any CPU.ActiveCfg = Release|Any CPU
		{084FEC3B-CB61-4E69-C75F-F0D8C8A7FD3B}.Release|Any CPU.Build.0 = Release|Any CPU
		{BC5719C0-7DA9-F0DC-FC54-E4390D976ED4}.Debug|Any CPU.ActiveCfg = Debug|Any CPU
		{BC5719C0-7DA9-F0DC-FC54-E4390D976ED4}.Debug|Any CPU.Build.0 = Debug|Any CPU
		{BC5719C0-7DA9-F0DC-FC54-E4390D976ED4}.Release|Any CPU.ActiveCfg = Release|Any CPU
		{BC5719C0-7DA9-F0DC-FC54-E4390D976ED4}.Release|Any CPU.Build.0 = Release|Any CPU
		{B96923D2-6F92-254E-38FD-1A3C4604D7FE}.Debug|Any CPU.ActiveCfg = Debug|Any CPU
		{B96923D2-6F92-254E-38FD-1A3C4604D7FE}.Debug|Any CPU.Build.0 = Debug|Any CPU
		{B96923D2-6F92-254E-38FD-1A3C4604D7FE}.Release|Any CPU.ActiveCfg = Release|Any CPU
		{B96923D2-6F92-254E-38FD-1A3C4604D7FE}.Release|Any CPU.Build.0 = Release|Any CPU
		{14DFBF24-CC07-B727-8714-A361C375C395}.Debug|Any CPU.ActiveCfg = Debug|Any CPU
		{14DFBF24-CC07-B727-8714-A361C375C395}.Debug|Any CPU.Build.0 = Debug|Any CPU
		{14DFBF24-CC07-B727-8714-A361C375C395}.Release|Any CPU.ActiveCfg = Release|Any CPU
		{14DFBF24-CC07-B727-8714-A361C375C395}.Release|Any CPU.Build.0 = Release|Any CPU
		{57D61632-61E0-0B9D-7C9B-62CF94467CD4}.Debug|Any CPU.ActiveCfg = Debug|Any CPU
		{57D61632-61E0-0B9D-7C9B-62CF94467CD4}.Debug|Any CPU.Build.0 = Debug|Any CPU
		{57D61632-61E0-0B9D-7C9B-62CF94467CD4}.Release|Any CPU.ActiveCfg = Release|Any CPU
		{57D61632-61E0-0B9D-7C9B-62CF94467CD4}.Release|Any CPU.Build.0 = Release|Any CPU
		{BF8C4BCF-0AB0-0E33-9DA6-2EA526864002}.Debug|Any CPU.ActiveCfg = Debug|Any CPU
		{BF8C4BCF-0AB0-0E33-9DA6-2EA526864002}.Debug|Any CPU.Build.0 = Debug|Any CPU
		{BF8C4BCF-0AB0-0E33-9DA6-2EA526864002}.Release|Any CPU.ActiveCfg = Release|Any CPU
		{BF8C4BCF-0AB0-0E33-9DA6-2EA526864002}.Release|Any CPU.Build.0 = Release|Any CPU
		{9B6ACE68-A4EE-2A8E-5EAC-6C39C09139EB}.Debug|Any CPU.ActiveCfg = Debug|Any CPU
		{9B6ACE68-A4EE-2A8E-5EAC-6C39C09139EB}.Debug|Any CPU.Build.0 = Debug|Any CPU
		{9B6ACE68-A4EE-2A8E-5EAC-6C39C09139EB}.Release|Any CPU.ActiveCfg = Release|Any CPU
		{9B6ACE68-A4EE-2A8E-5EAC-6C39C09139EB}.Release|Any CPU.Build.0 = Release|Any CPU
	EndGlobalSection
	GlobalSection(SolutionProperties) = preSolution
		HideSolutionNode = FALSE
	EndGlobalSection
EndGlobal
